
Microsoft Visual Studio Solution File, Format Version 12.00
# Visual Studio 15
VisualStudioVersion = 15.0.27703.2035
MinimumVisualStudioVersion = 10.0.40219.1
Project("{FAE04EC0-301F-11D3-BF4B-00C04F79EFBC}") = "InvoiceModelTemplate", "InvoiceModelTemplate\InvoiceModelTemplate.csproj", "{4593EA4A-A968-4980-A284-1EA41EBB8093}"
EndProject
Global
	GlobalSection(SolutionConfigurationPlatforms) = preSolution
		Debug|Any CPU = Debug|Any CPU
		Release|Any CPU = Release|Any CPU
	EndGlobalSection
	GlobalSection(ProjectConfigurationPlatforms) = postSolution
		{4593EA4A-A968-4980-A284-1EA41EBB8093}.Debug|Any CPU.ActiveCfg = Debug|Any CPU
		{4593EA4A-A968-4980-A284-1EA41EBB8093}.Debug|Any CPU.Build.0 = Debug|Any CPU
		{4593EA4A-A968-4980-A284-1EA41EBB8093}.Release|Any CPU.ActiveCfg = Release|Any CPU
		{4593EA4A-A968-4980-A284-1EA41EBB8093}.Release|Any CPU.Build.0 = Release|Any CPU
	EndGlobalSection
	GlobalSection(SolutionProperties) = preSolution
		HideSolutionNode = FALSE
	EndGlobalSection
	GlobalSection(ExtensibilityGlobals) = postSolution
		SolutionGuid = {4E7EAFDF-0C26-4258-B344-F9DC98077889}
	EndGlobalSection
EndGlobal
